
Microsoft Visual Studio Solution File, Format Version 11.00
# Visual Studio 2010
Project("{FAE04EC0-301F-11D3-BF4B-00C04F79EFBC}") = "Assembly-CSharp-firstpass", "Assembly-CSharp-firstpass.csproj", "{BC5D9CB8-94E5-798C-C4F4-A97EC7739323}"
EndProject
Project("{FAE04EC0-301F-11D3-BF4B-00C04F79EFBC}") = "Assembly-CSharp", "Assembly-CSharp.csproj", "{AF9FA6CE-713C-15F1-950A-EB6E702423AF}"
EndProject
Project("{FAE04EC0-301F-11D3-BF4B-00C04F79EFBC}") = "Assembly-CSharp-Editor-firstpass", "Assembly-CSharp-Editor-firstpass.csproj", "{4518DF3E-C67B-D3F5-B901-AD54FE69B3DF}"
EndProject
Global
	GlobalSection(SolutionConfigurationPlatforms) = preSolution
		Debug|Any CPU = Debug|Any CPU
		Release|Any CPU = Release|Any CPU
	EndGlobalSection
	GlobalSection(ProjectConfigurationPlatforms) = postSolution
		{BC5D9CB8-94E5-798C-C4F4-A97EC7739323}.Debug|Any CPU.ActiveCfg = Debug|Any CPU
		{BC5D9CB8-94E5-798C-C4F4-A97EC7739323}.Debug|Any CPU.Build.0 = Debug|Any CPU
		{BC5D9CB8-94E5-798C-C4F4-A97EC7739323}.Release|Any CPU.ActiveCfg = Release|Any CPU
		{BC5D9CB8-94E5-798C-C4F4-A97EC7739323}.Release|Any CPU.Build.0 = Release|Any CPU
		{AF9FA6CE-713C-15F1-950A-EB6E702423AF}.Debug|Any CPU.ActiveCfg = Debug|Any CPU
		{AF9FA6CE-713C-15F1-950A-EB6E702423AF}.Debug|Any CPU.Build.0 = Debug|Any CPU
		{AF9FA6CE-713C-15F1-950A-EB6E702423AF}.Release|Any CPU.ActiveCfg = Release|Any CPU
		{AF9FA6CE-713C-15F1-950A-EB6E702423AF}.Release|Any CPU.Build.0 = Release|Any CPU
		{4518DF3E-C67B-D3F5-B901-AD54FE69B3DF}.Debug|Any CPU.ActiveCfg = Debug|Any CPU
		{4518DF3E-C67B-D3F5-B901-AD54FE69B3DF}.Debug|Any CPU.Build.0 = Debug|Any CPU
		{4518DF3E-C67B-D3F5-B901-AD54FE69B3DF}.Release|Any CPU.ActiveCfg = Release|Any CPU
		{4518DF3E-C67B-D3F5-B901-AD54FE69B3DF}.Release|Any CPU.Build.0 = Release|Any CPU
	EndGlobalSection
	GlobalSection(SolutionProperties) = preSolution
		HideSolutionNode = FALSE
	EndGlobalSection
	GlobalSection(MonoDevelopProperties) = preSolution
		StartupItem = Assembly-CSharp.csproj
	EndGlobalSection
EndGlobal
